
Microsoft Visual Studio Solution File, Format Version 12.00
# Visual Studio Version 16
VisualStudioVersion = 16.0.31129.286
MinimumVisualStudioVersion = 10.0.40219.1
Project("{9A19103F-16F7-4668-BE54-9A1E7A4F7556}") = "Webapi2", "Webapi2.csproj", "{40B59EEE-4805-4842-822E-533756B7958B}"
EndProject
Project("{FAE04EC0-301F-11D3-BF4B-00C04F79EFBC}") = "TestProject1", "..\TestProject1\TestProject1.csproj", "{1414224C-2ACF-4F29-AA9C-8D4EE8629CB2}"
EndProject
Global
	GlobalSection(SolutionConfigurationPlatforms) = preSolution
		Debug|Any CPU = Debug|Any CPU
		Release|Any CPU = Release|Any CPU
	EndGlobalSection
	GlobalSection(ProjectConfigurationPlatforms) = postSolution
		{40B59EEE-4805-4842-822E-533756B7958B}.Debug|Any CPU.ActiveCfg = Debug|Any CPU
		{40B59EEE-4805-4842-822E-533756B7958B}.Debug|Any CPU.Build.0 = Debug|Any CPU
		{40B59EEE-4805-4842-822E-533756B7958B}.Release|Any CPU.ActiveCfg = Release|Any CPU
		{40B59EEE-4805-4842-822E-533756B7958B}.Release|Any CPU.Build.0 = Release|Any CPU
		{1414224C-2ACF-4F29-AA9C-8D4EE8629CB2}.Debug|Any CPU.ActiveCfg = Debug|Any CPU
		{1414224C-2ACF-4F29-AA9C-8D4EE8629CB2}.Debug|Any CPU.Build.0 = Debug|Any CPU
		{1414224C-2ACF-4F29-AA9C-8D4EE8629CB2}.Release|Any CPU.ActiveCfg = Release|Any CPU
		{1414224C-2ACF-4F29-AA9C-8D4EE8629CB2}.Release|Any CPU.Build.0 = Release|Any CPU
	EndGlobalSection
	GlobalSection(SolutionProperties) = preSolution
		HideSolutionNode = FALSE
	EndGlobalSection
	GlobalSection(ExtensibilityGlobals) = postSolution
		SolutionGuid = {59F58291-4DA8-44E1-8600-76F2D68A21AD}
	EndGlobalSection
EndGlobal
